{
  "originHash" : "6c0bb71240ac4ed438a169f049793c5b28c8e1f06a954eea2cb6b341fc2b8852",
  "pins" : [
    {
      "identity" : "jwtdecode.swift",
      "kind" : "remoteSourceControl",
      "location" : "https://github.com/auth0/JWTDecode.swift.git",
      "state" : {
        "revision" : "c4e60d71afb09c1e7f8a11a7db629469da92630b",
        "version" : "4.0.0"
      }
    }
  ],
  "version" : 3
}
