{
  "originHash" : "077384760e40534b3a20170798ff3ea751bc4ec1bf1dfc7c8a9c68356ed6fb72",
  "pins" : [
    {
      "identity" : "sentry-cocoa",
      "kind" : "remoteSourceControl",
      "location" : "https://github.com/getsentry/sentry-cocoa.git",
      "state" : {
        "revision" : "05d3ce8332097ff0b2347231ac66476fd7d2f4d8",
        "version" : "9.8.0"
      }
    }
  ],
  "version" : 3
}
